
Microsoft Visual Studio Solution File, Format Version 12.00
# Visual Studio Version 17
VisualStudioVersion = 17.9.34902.65
MinimumVisualStudioVersion = 10.0.40219.1
Project("{FAE04EC0-301F-11D3-BF4B-00C04F79EFBC}") = "CascadingTask", "CascadingTask\CascadingTask.csproj", "{B37B176C-BF2F-4E3E-9FB1-2AE317EB2E53}"
EndProject
Project("{FAE04EC0-301F-11D3-BF4B-00C04F79EFBC}") = "CascadingTask.Domain", "CascadingTask.Domain\CascadingTask.Domain.csproj", "{5849AB93-234C-4A1F-9D79-FEE3CA133857}"
EndProject
Global
	GlobalSection(SolutionConfigurationPlatforms) = preSolution
		Debug|Any CPU = Debug|Any CPU
		Release|Any CPU = Release|Any CPU
	EndGlobalSection
	GlobalSection(ProjectConfigurationPlatforms) = postSolution
		{B37B176C-BF2F-4E3E-9FB1-2AE317EB2E53}.Debug|Any CPU.ActiveCfg = Debug|Any CPU
		{B37B176C-BF2F-4E3E-9FB1-2AE317EB2E53}.Debug|Any CPU.Build.0 = Debug|Any CPU
		{B37B176C-BF2F-4E3E-9FB1-2AE317EB2E53}.Release|Any CPU.ActiveCfg = Release|Any CPU
		{B37B176C-BF2F-4E3E-9FB1-2AE317EB2E53}.Release|Any CPU.Build.0 = Release|Any CPU
		{5849AB93-234C-4A1F-9D79-FEE3CA133857}.Debug|Any CPU.ActiveCfg = Debug|Any CPU
		{5849AB93-234C-4A1F-9D79-FEE3CA133857}.Debug|Any CPU.Build.0 = Debug|Any CPU
		{5849AB93-234C-4A1F-9D79-FEE3CA133857}.Release|Any CPU.ActiveCfg = Release|Any CPU
		{5849AB93-234C-4A1F-9D79-FEE3CA133857}.Release|Any CPU.Build.0 = Release|Any CPU
	EndGlobalSection
	GlobalSection(SolutionProperties) = preSolution
		HideSolutionNode = FALSE
	EndGlobalSection
	GlobalSection(ExtensibilityGlobals) = postSolution
		SolutionGuid = {A79F2E71-81EC-4E4A-8766-0B042A262A7F}
	EndGlobalSection
EndGlobal
